
Microsoft Visual Studio Solution File, Format Version 12.00
# Visual Studio Version 16
VisualStudioVersion = 16.0.29025.244
MinimumVisualStudioVersion = 10.0.40219.1
Project("{FAE04EC0-301F-11D3-BF4B-00C04F79EFBC}") = "Iyosen.QDapperDemo", "Iyosen.QDapperDemo\Iyosen.QDapperDemo.csproj", "{3F7262E8-C97C-420C-8FD9-F1F5E5B1FB97}"
EndProject
Project("{9A19103F-16F7-4668-BE54-9A1E7A4F7556}") = "Iyosen.QDapper", "Iyosen.QDapper\Iyosen.QDapper.csproj", "{F4301D93-5927-435F-8E6B-CC61781A89A4}"
EndProject
Global
	GlobalSection(SolutionConfigurationPlatforms) = preSolution
		Debug|Any CPU = Debug|Any CPU
		Release|Any CPU = Release|Any CPU
	EndGlobalSection
	GlobalSection(ProjectConfigurationPlatforms) = postSolution
		{3F7262E8-C97C-420C-8FD9-F1F5E5B1FB97}.Debug|Any CPU.ActiveCfg = Debug|Any CPU
		{3F7262E8-C97C-420C-8FD9-F1F5E5B1FB97}.Debug|Any CPU.Build.0 = Debug|Any CPU
		{3F7262E8-C97C-420C-8FD9-F1F5E5B1FB97}.Release|Any CPU.ActiveCfg = Release|Any CPU
		{3F7262E8-C97C-420C-8FD9-F1F5E5B1FB97}.Release|Any CPU.Build.0 = Release|Any CPU
		{F4301D93-5927-435F-8E6B-CC61781A89A4}.Debug|Any CPU.ActiveCfg = Debug|Any CPU
		{F4301D93-5927-435F-8E6B-CC61781A89A4}.Debug|Any CPU.Build.0 = Debug|Any CPU
		{F4301D93-5927-435F-8E6B-CC61781A89A4}.Release|Any CPU.ActiveCfg = Release|Any CPU
		{F4301D93-5927-435F-8E6B-CC61781A89A4}.Release|Any CPU.Build.0 = Release|Any CPU
	EndGlobalSection
	GlobalSection(SolutionProperties) = preSolution
		HideSolutionNode = FALSE
	EndGlobalSection
	GlobalSection(ExtensibilityGlobals) = postSolution
		SolutionGuid = {1380195A-2DD1-4B7C-A600-7B82C4D8AC01}
	EndGlobalSection
EndGlobal
